<?xml version="1.0" encoding="utf-8"?>
<Project ToolsVersion="4.0" xmlns="http://schemas.microsoft.com/developer/msbuild/2003">
  <ItemGroup>
    <Filter Include="Quelldateien">
      <UniqueIdentifier>{4FC737F1-C7A5-4376-A066-2A32D752A2FF}</UniqueIdentifier>
      <Extensions>cpp;c;cc;cxx;def;odl;idl;hpj;bat;asm;asmx</Extensions>
    </Filter>
    <Filter Include="Headerdateien">
      <UniqueIdentifier>{93995380-89BD-4b04-88EB-625FBE52EBFB}</UniqueIdentifier>
      <Extensions>h;hh;hpp;hxx;hm;inl;inc;xsd</Extensions>
    </Filter>
    <Filter Include="Ressourcendateien">
      <UniqueIdentifier>{67DA6AB6-F800-4c08-8B7A-83BB121AAD01}</UniqueIdentifier>
      <Extensions>rc;ico;cur;bmp;dlg;rc2;rct;bin;rgs;gif;jpg;jpeg;jpe;resx;tiff;tif;png;wav;mfcribbon-ms</Extensions>
    </Filter>
    <Filter Include="lib">
      <UniqueIdentifier>{16b4fd9e-77c9-4bdc-886e-86ede28b40c1}</UniqueIdentifier>
    </Filter>
    <Filter Include="IR">
      <UniqueIdentifier>{75444f97-53f2-41fc-9903-93a3059a21e6}</UniqueIdentifier>
    </Filter>
  </ItemGroup>
  <ItemGroup>
    <ClInclude Include="Config.h">
      <Filter>Headerdateien</Filter>
    </ClInclude>
    <ClInclude Include="DueTimer.h">
      <Filter>lib</Filter>
    </ClInclude>
    <ClInclude Include="Sender.h">
      <Filter>IR</Filter>
    </ClInclude>
    <ClInclude Include="Sensor.h">
      <Filter>IR</Filter>
    </ClInclude>
    <ClInclude Include="SensorManager.h">
      <Filter>IR</Filter>
    </ClInclude>
    <ClInclude Include="QueueList.h">
      <Filter>Headerdateien</Filter>
    </ClInclude>
    <ClInclude Include="IR.h">
      <Filter>IR</Filter>
    </ClInclude>
    <ClInclude Include="Visual Micro\.duetag.vsarduino.h">
      <Filter>Headerdateien</Filter>
    </ClInclude>
  </ItemGroup>
  <ItemGroup>
    <ClCompile Include="SensorManager.cpp">
      <Filter>IR</Filter>
    </ClCompile>
    <ClCompile Include="Sender.cpp">
      <Filter>IR</Filter>
    </ClCompile>
    <ClCompile Include="Sensor.cpp">
      <Filter>IR</Filter>
    </ClCompile>
    <ClCompile Include="DueTimer.cpp">
      <Filter>Quelldateien</Filter>
    </ClCompile>
    <ClCompile Include="Game.h">
      <Filter>Headerdateien</Filter>
    </ClCompile>
    <ClCompile Include="Game.cpp">
      <Filter>Ressourcendateien</Filter>
    </ClCompile>
  </ItemGroup>
  <ItemGroup>
    <None Include="duetag.ino" />
  </ItemGroup>
</Project>